
Microsoft Visual Studio Solution File, Format Version 12.00
# Visual Studio Version 17
VisualStudioVersion = 17.14.36511.14
MinimumVisualStudioVersion = 10.0.40219.1
Project("{FAE04EC0-301F-11D3-BF4B-00C04F79EFBC}") = "SV22T1080053.Admin", "SV22T1080053.Admin\SV22T1080053.Admin.csproj", "{F9DB5D47-3744-4F7B-822E-6C666EE8E7F8}"
EndProject
Project("{2150E333-8FDC-42A3-9474-1A3956D46DE8}") = "Applications", "Applications", "{02EA681E-C7D8-13C7-8484-4AC65E1B71E8}"
EndProject
Project("{2150E333-8FDC-42A3-9474-1A3956D46DE8}") = "Libraries", "Libraries", "{11315D80-D962-43D8-BD56-16AC740F1B0C}"
EndProject
Project("{FAE04EC0-301F-11D3-BF4B-00C04F79EFBC}") = "SV22T1080053.DomainModels", "SV22T1080053.DomainModels\SV22T1080053.DomainModels.csproj", "{2E7E6356-5994-43CF-948A-6429C5608024}"
EndProject
Project("{FAE04EC0-301F-11D3-BF4B-00C04F79EFBC}") = "SV22T1080053.DataLayers", "SV22T1080053.DataLayers\SV22T1080053.DataLayers.csproj", "{88AB0E7A-A006-40A6-988D-E9853386E0A6}"
EndProject
Project("{FAE04EC0-301F-11D3-BF4B-00C04F79EFBC}") = "SV22T1080053.BussinessLayers", "SV22T1080053.BussinessLayers\SV22T1080053.BussinessLayers.csproj", "{E6BFFE55-F872-4F00-8A5A-DBB664B19792}"
EndProject
Project("{FAE04EC0-301F-11D3-BF4B-00C04F79EFBC}") = "SV22T1080053.Shop", "SV22T1080053.Shop\SV22T1080053.Shop.csproj", "{B99760B8-26B1-4759-BFF4-96087A65826F}"
EndProject
Global
	GlobalSection(SolutionConfigurationPlatforms) = preSolution
		Debug|Any CPU = Debug|Any CPU
		Release|Any CPU = Release|Any CPU
	EndGlobalSection
	GlobalSection(ProjectConfigurationPlatforms) = postSolution
		{F9DB5D47-3744-4F7B-822E-6C666EE8E7F8}.Debug|Any CPU.ActiveCfg = Debug|Any CPU
		{F9DB5D47-3744-4F7B-822E-6C666EE8E7F8}.Debug|Any CPU.Build.0 = Debug|Any CPU
		{F9DB5D47-3744-4F7B-822E-6C666EE8E7F8}.Release|Any CPU.ActiveCfg = Release|Any CPU
		{F9DB5D47-3744-4F7B-822E-6C666EE8E7F8}.Release|Any CPU.Build.0 = Release|Any CPU
		{2E7E6356-5994-43CF-948A-6429C5608024}.Debug|Any CPU.ActiveCfg = Debug|Any CPU
		{2E7E6356-5994-43CF-948A-6429C5608024}.Debug|Any CPU.Build.0 = Debug|Any CPU
		{2E7E6356-5994-43CF-948A-6429C5608024}.Release|Any CPU.ActiveCfg = Release|Any CPU
		{2E7E6356-5994-43CF-948A-6429C5608024}.Release|Any CPU.Build.0 = Release|Any CPU
		{88AB0E7A-A006-40A6-988D-E9853386E0A6}.Debug|Any CPU.ActiveCfg = Debug|Any CPU
		{88AB0E7A-A006-40A6-988D-E9853386E0A6}.Debug|Any CPU.Build.0 = Debug|Any CPU
		{88AB0E7A-A006-40A6-988D-E9853386E0A6}.Release|Any CPU.ActiveCfg = Release|Any CPU
		{88AB0E7A-A006-40A6-988D-E9853386E0A6}.Release|Any CPU.Build.0 = Release|Any CPU
		{E6BFFE55-F872-4F00-8A5A-DBB664B19792}.Debug|Any CPU.ActiveCfg = Debug|Any CPU
		{E6BFFE55-F872-4F00-8A5A-DBB664B19792}.Debug|Any CPU.Build.0 = Debug|Any CPU
		{E6BFFE55-F872-4F00-8A5A-DBB664B19792}.Release|Any CPU.ActiveCfg = Release|Any CPU
		{E6BFFE55-F872-4F00-8A5A-DBB664B19792}.Release|Any CPU.Build.0 = Release|Any CPU
		{B99760B8-26B1-4759-BFF4-96087A65826F}.Debug|Any CPU.ActiveCfg = Debug|Any CPU
		{B99760B8-26B1-4759-BFF4-96087A65826F}.Debug|Any CPU.Build.0 = Debug|Any CPU
		{B99760B8-26B1-4759-BFF4-96087A65826F}.Release|Any CPU.ActiveCfg = Release|Any CPU
		{B99760B8-26B1-4759-BFF4-96087A65826F}.Release|Any CPU.Build.0 = Release|Any CPU
	EndGlobalSection
	GlobalSection(SolutionProperties) = preSolution
		HideSolutionNode = FALSE
	EndGlobalSection
	GlobalSection(NestedProjects) = preSolution
		{F9DB5D47-3744-4F7B-822E-6C666EE8E7F8} = {02EA681E-C7D8-13C7-8484-4AC65E1B71E8}
		{2E7E6356-5994-43CF-948A-6429C5608024} = {11315D80-D962-43D8-BD56-16AC740F1B0C}
		{88AB0E7A-A006-40A6-988D-E9853386E0A6} = {11315D80-D962-43D8-BD56-16AC740F1B0C}
		{E6BFFE55-F872-4F00-8A5A-DBB664B19792} = {11315D80-D962-43D8-BD56-16AC740F1B0C}
		{B99760B8-26B1-4759-BFF4-96087A65826F} = {02EA681E-C7D8-13C7-8484-4AC65E1B71E8}
	EndGlobalSection
	GlobalSection(ExtensibilityGlobals) = postSolution
		SolutionGuid = {D4E9F922-2507-4395-AC04-DA9498436DD5}
	EndGlobalSection
EndGlobal
